// !$*UTF8*$!
{
	archiveVersion = 1;
	classes = {
	};
	objectVersion = 46;
	objects = {

/* Begin PBXBuildFile section */
		9C19DA5918816D1100A9805D /* scrollViewController.m in Sources */ = {isa = PBXBuildFile; fileRef = 9C19DA5818816D1100A9805D /* scrollViewController.m */; };
		9C422F7018803B7100E75649 /* 100-coffee.png in Resources */ = {isa = PBXBuildFile; fileRef = 9C422EA518803B7100E75649 /* 100-coffee.png */; };
		9C422F7118803B7100E75649 /* 101-gameplan.png in Resources */ = {isa = PBXBuildFile; fileRef = 9C422EA618803B7100E75649 /* 101-gameplan.png */; };
		9C422F7218803B7100E75649 /* 102-walk.png in Resources */ = {isa = PBXBuildFile; fileRef = 9C422EA718803B7100E75649 /* 102-walk.png */; };
		9C422F7318803B7100E75649 /* 103-map.png in Resources */ = {isa = PBXBuildFile; fileRef = 9C422EA818803B7100E75649 /* 103-map.png */; };
		9C422F7418803B7100E75649 /* 104-index-cards.png in Resources */ = {isa = PBXBuildFile; fileRef = 9C422EA918803B7100E75649 /* 104-index-cards.png */; };
		9C422F7518803B7100E75649 /* 105-piano.png in Resources */ = {isa = PBXBuildFile; fileRef = 9C422EAA18803B7100E75649 /* 105-piano.png */; };
		9C422F7618803B7100E75649 /* 106-sliders.png in Resources */ = {isa = PBXBuildFile; fileRef = 9C422EAB18803B7100E75649 /* 106-sliders.png */; };
		9C422F7718803B7100E75649 /* 107-widescreen.png in Resources */ = {isa = PBXBuildFile; fileRef = 9C422EAC18803B7100E75649 /* 107-widescreen.png */; };
		9C422F7818803B7100E75649 /* 108-badge.png in Resources */ = {isa = PBXBuildFile; fileRef = 9C422EAD18803B7100E75649 /* 108-badge.png */; };
		9C422F7918803B7100E75649 /* 109-chicken.png in Resources */ = {isa = PBXBuildFile; fileRef = 9C422EAE18803B7100E75649 /* 109-chicken.png */; };
		9C422F7B18803B7100E75649 /* 110-bug.png in Resources */ = {isa = PBXBuildFile; fileRef = 9C422EB018803B7100E75649 /* 110-bug.png */; };
		9C422F7C18803B7100E75649 /* 111-user.png in Resources */ = {isa = PBXBuildFile; fileRef = 9C422EB118803B7100E75649 /* 111-user.png */; };
		9C422F7D18803B7100E75649 /* 112-group.png in Resources */ = {isa = PBXBuildFile; fileRef = 9C422EB218803B7100E75649 /* 112-group.png */; };
		9C422F7E18803B7100E75649 /* 113-navigation.png in Resources */ = {isa = PBXBuildFile; fileRef = 9C422EB318803B7100E75649 /* 113-navigation.png */; };
		9C422F7F18803B7100E75649 /* 114-balloon.png in Resources */ = {isa = PBXBuildFile; fileRef = 9C422EB418803B7100E75649 /* 114-balloon.png */; };
		9C422F8018803B7100E75649 /* 115-bow-and-arrow.png in Resources */ = {isa = PBXBuildFile; fileRef = 9C422EB518803B7100E75649 /* 115-bow-and-arrow.png */; };
		9C58E70E187ADAAD003FF2A2 /* Foundation.framework in Frameworks */ = {isa = PBXBuildFile; fileRef = 9C58E70D187ADAAD003FF2A2 /* Foundation.framework */; };
		9C58E710187ADAAD003FF2A2 /* CoreGraphics.framework in Frameworks */ = {isa = PBXBuildFile; fileRef = 9C58E70F187ADAAD003FF2A2 /* CoreGraphics.framework */; };
		9C58E712187ADAAD003FF2A2 /* UIKit.framework in Frameworks */ = {isa = PBXBuildFile; fileRef = 9C58E711187ADAAD003FF2A2 /* UIKit.framework */; };
		9C58E718187ADAAD003FF2A2 /* InfoPlist.strings in Resources */ = {isa = PBXBuildFile; fileRef = 9C58E716187ADAAD003FF2A2 /* InfoPlist.strings */; };
		9C58E71A187ADAAD003FF2A2 /* main.m in Sources */ = {isa = PBXBuildFile; fileRef = 9C58E719187ADAAD003FF2A2 /* main.m */; };
		9C58E71E187ADAAD003FF2A2 /* AppDelegate.m in Sources */ = {isa = PBXBuildFile; fileRef = 9C58E71D187ADAAD003FF2A2 /* AppDelegate.m */; };
		9C58E721187ADAAD003FF2A2 /* Main_iPhone.storyboard in Resources */ = {isa = PBXBuildFile; fileRef = 9C58E71F187ADAAD003FF2A2 /* Main_iPhone.storyboard */; };
		9C58E724187ADAAD003FF2A2 /* Main_iPad.storyboard in Resources */ = {isa = PBXBuildFile; fileRef = 9C58E722187ADAAD003FF2A2 /* Main_iPad.storyboard */; };
		9C58E727187ADAAD003FF2A2 /* ViewController.m in Sources */ = {isa = PBXBuildFile; fileRef = 9C58E726187ADAAD003FF2A2 /* ViewController.m */; };
		9C58E729187ADAAD003FF2A2 /* Images.xcassets in Resources */ = {isa = PBXBuildFile; fileRef = 9C58E728187ADAAD003FF2A2 /* Images.xcassets */; };
		9C58E730187ADAAD003FF2A2 /* XCTest.framework in Frameworks */ = {isa = PBXBuildFile; fileRef = 9C58E72F187ADAAD003FF2A2 /* XCTest.framework */; };
		9C58E731187ADAAD003FF2A2 /* Foundation.framework in Frameworks */ = {isa = PBXBuildFile; fileRef = 9C58E70D187ADAAD003FF2A2 /* Foundation.framework */; };
		9C58E732187ADAAD003FF2A2 /* UIKit.framework in Frameworks */ = {isa = PBXBuildFile; fileRef = 9C58E711187ADAAD003FF2A2 /* UIKit.framework */; };
		9C58E73A187ADAAD003FF2A2 /* InfoPlist.strings in Resources */ = {isa = PBXBuildFile; fileRef = 9C58E738187ADAAD003FF2A2 /* InfoPlist.strings */; };
		9C58E73C187ADAAD003FF2A2 /* multipleMasterDetailTests.m in Sources */ = {isa = PBXBuildFile; fileRef = 9C58E73B187ADAAD003FF2A2 /* multipleMasterDetailTests.m */; };
		9CC3C046188097CE004E884E /* 96-book.png in Resources */ = {isa = PBXBuildFile; fileRef = 9CC3C043188097CE004E884E /* 96-book.png */; };
		9CC3C047188097CE004E884E /* 117-todo.png in Resources */ = {isa = PBXBuildFile; fileRef = 9CC3C044188097CE004E884E /* 117-todo.png */; };
		9CC3C048188097CE004E884E /* 48-fork-and-knife.png in Resources */ = {isa = PBXBuildFile; fileRef = 9CC3C045188097CE004E884E /* 48-fork-and-knife.png */; };
		9CEBB94B187ADD3400840C54 /* masterTableViewController.m in Sources */ = {isa = PBXBuildFile; fileRef = 9CEBB94A187ADD3400840C54 /* masterTableViewController.m */; };
		9CEBB94E187ADF6000840C54 /* subMasterTableViewController.m in Sources */ = {isa = PBXBuildFile; fileRef = 9CEBB94D187ADF6000840C54 /* subMasterTableViewController.m */; };
/* End PBXBuildFile section */

/* Begin PBXContainerItemProxy section */
		9C58E733187ADAAD003FF2A2 /* PBXContainerItemProxy */ = {
			isa = PBXContainerItemProxy;
			containerPortal = 9C58E702187ADAAD003FF2A2 /* Project object */;
			proxyType = 1;
			remoteGlobalIDString = 9C58E709187ADAAD003FF2A2;
			remoteInfo = multipleMasterDetail;
		};
/* End PBXContainerItemProxy section */

/* Begin PBXFileReference section */
		9C19DA5718816D1100A9805D /* scrollViewController.h */ = {isa = PBXFileReference; fileEncoding = 4; lastKnownFileType = sourcecode.c.h; path = scrollViewController.h; sourceTree = "<group>"; };
		9C19DA5818816D1100A9805D /* scrollViewController.m */ = {isa = PBXFileReference; fileEncoding = 4; lastKnownFileType = sourcecode.c.objc; path = scrollViewController.m; sourceTree = "<group>"; };
		9C422EA518803B7100E75649 /* 100-coffee.png */ = {isa = PBXFileReference; lastKnownFileType = image.png; path = "100-coffee.png"; sourceTree = "<group>"; };
		9C422EA618803B7100E75649 /* 101-gameplan.png */ = {isa = PBXFileReference; lastKnownFileType = image.png; path = "101-gameplan.png"; sourceTree = "<group>"; };
		9C422EA718803B7100E75649 /* 102-walk.png */ = {isa = PBXFileReference; lastKnownFileType = image.png; path = "102-walk.png"; sourceTree = "<group>"; };
		9C422EA818803B7100E75649 /* 103-map.png */ = {isa = PBXFileReference; lastKnownFileType = image.png; path = "103-map.png"; sourceTree = "<group>"; };
		9C422EA918803B7100E75649 /* 104-index-cards.png */ = {isa = PBXFileReference; lastKnownFileType = image.png; path = "104-index-cards.png"; sourceTree = "<group>"; };
		9C422EAA18803B7100E75649 /* 105-piano.png */ = {isa = PBXFileReference; lastKnownFileType = image.png; path = "105-piano.png"; sourceTree = "<group>"; };
		9C422EAB18803B7100E75649 /* 106-sliders.png */ = {isa = PBXFileReference; lastKnownFileType = image.png; path = "106-sliders.png"; sourceTree = "<group>"; };
		9C422EAC18803B7100E75649 /* 107-widescreen.png */ = {isa = PBXFileReference; lastKnownFileType = image.png; path = "107-widescreen.png"; sourceTree = "<group>"; };
		9C422EAD18803B7100E75649 /* 108-badge.png */ = {isa = PBXFileReference; lastKnownFileType = image.png; path = "108-badge.png"; sourceTree = "<group>"; };
		9C422EAE18803B7100E75649 /* 109-chicken.png */ = {isa = PBXFileReference; lastKnownFileType = image.png; path = "109-chicken.png"; sourceTree = "<group>"; };
		9C422EB018803B7100E75649 /* 110-bug.png */ = {isa = PBXFileReference; lastKnownFileType = image.png; path = "110-bug.png"; sourceTree = "<group>"; };
		9C422EB118803B7100E75649 /* 111-user.png */ = {isa = PBXFileReference; lastKnownFileType = image.png; path = "111-user.png"; sourceTree = "<group>"; };
		9C422EB218803B7100E75649 /* 112-group.png */ = {isa = PBXFileReference; lastKnownFileType = image.png; path = "112-group.png"; sourceTree = "<group>"; };
		9C422EB318803B7100E75649 /* 113-navigation.png */ = {isa = PBXFileReference; lastKnownFileType = image.png; path = "113-navigation.png"; sourceTree = "<group>"; };
		9C422EB418803B7100E75649 /* 114-balloon.png */ = {isa = PBXFileReference; lastKnownFileType = image.png; path = "114-balloon.png"; sourceTree = "<group>"; };
		9C422EB518803B7100E75649 /* 115-bow-and-arrow.png */ = {isa = PBXFileReference; lastKnownFileType = image.png; path = "115-bow-and-arrow.png"; sourceTree = "<group>"; };
		9C58E70A187ADAAD003FF2A2 /* multipleMasterDetail.app */ = {isa = PBXFileReference; explicitFileType = wrapper.application; includeInIndex = 0; path = multipleMasterDetail.app; sourceTree = BUILT_PRODUCTS_DIR; };
		9C58E70D187ADAAD003FF2A2 /* Foundation.framework */ = {isa = PBXFileReference; lastKnownFileType = wrapper.framework; name = Foundation.framework; path = System/Library/Frameworks/Foundation.framework; sourceTree = SDKROOT; };
		9C58E70F187ADAAD003FF2A2 /* CoreGraphics.framework */ = {isa = PBXFileReference; lastKnownFileType = wrapper.framework; name = CoreGraphics.framework; path = System/Library/Frameworks/CoreGraphics.framework; sourceTree = SDKROOT; };
		9C58E711187ADAAD003FF2A2 /* UIKit.framework */ = {isa = PBXFileReference; lastKnownFileType = wrapper.framework; name = UIKit.framework; path = System/Library/Frameworks/UIKit.framework; sourceTree = SDKROOT; };
		9C58E715187ADAAD003FF2A2 /* multipleMasterDetail-Info.plist */ = {isa = PBXFileReference; lastKnownFileType = text.plist.xml; path = "multipleMasterDetail-Info.plist"; sourceTree = "<group>"; };
		9C58E717187ADAAD003FF2A2 /* en */ = {isa = PBXFileReference; lastKnownFileType = text.plist.strings; name = en; path = en.lproj/InfoPlist.strings; sourceTree = "<group>"; };
		9C58E719187ADAAD003FF2A2 /* main.m */ = {isa = PBXFileReference; lastKnownFileType = sourcecode.c.objc; path = main.m; sourceTree = "<group>"; };
		9C58E71B187ADAAD003FF2A2 /* multipleMasterDetail-Prefix.pch */ = {isa = PBXFileReference; lastKnownFileType = sourcecode.c.h; path = "multipleMasterDetail-Prefix.pch"; sourceTree = "<group>"; };
		9C58E71C187ADAAD003FF2A2 /* AppDelegate.h */ = {isa = PBXFileReference; lastKnownFileType = sourcecode.c.h; path = AppDelegate.h; sourceTree = "<group>"; };
		9C58E71D187ADAAD003FF2A2 /* AppDelegate.m */ = {isa = PBXFileReference; lastKnownFileType = sourcecode.c.objc; path = AppDelegate.m; sourceTree = "<group>"; };
		9C58E720187ADAAD003FF2A2 /* Base */ = {isa = PBXFileReference; lastKnownFileType = file.storyboard; name = Base; path = Base.lproj/Main_iPhone.storyboard; sourceTree = "<group>"; };
		9C58E723187ADAAD003FF2A2 /* Base */ = {isa = PBXFileReference; lastKnownFileType = file.storyboard; name = Base; path = Base.lproj/Main_iPad.storyboard; sourceTree = "<group>"; };
		9C58E725187ADAAD003FF2A2 /* ViewController.h */ = {isa = PBXFileReference; lastKnownFileType = sourcecode.c.h; path = ViewController.h; sourceTree = "<group>"; };
		9C58E726187ADAAD003FF2A2 /* ViewController.m */ = {isa = PBXFileReference; lastKnownFileType = sourcecode.c.objc; path = ViewController.m; sourceTree = "<group>"; };
		9C58E728187ADAAD003FF2A2 /* Images.xcassets */ = {isa = PBXFileReference; lastKnownFileType = folder.assetcatalog; path = Images.xcassets; sourceTree = "<group>"; };
		9C58E72E187ADAAD003FF2A2 /* multipleMasterDetailTests.xctest */ = {isa = PBXFileReference; explicitFileType = wrapper.cfbundle; includeInIndex = 0; path = multipleMasterDetailTests.xctest; sourceTree = BUILT_PRODUCTS_DIR; };
		9C58E72F187ADAAD003FF2A2 /* XCTest.framework */ = {isa = PBXFileReference; lastKnownFileType = wrapper.framework; name = XCTest.framework; path = Library/Frameworks/XCTest.framework; sourceTree = DEVELOPER_DIR; };
		9C58E737187ADAAD003FF2A2 /* multipleMasterDetailTests-Info.plist */ = {isa = PBXFileReference; lastKnownFileType = text.plist.xml; path = "multipleMasterDetailTests-Info.plist"; sourceTree = "<group>"; };
		9C58E739187ADAAD003FF2A2 /* en */ = {isa = PBXFileReference; lastKnownFileType = text.plist.strings; name = en; path = en.lproj/InfoPlist.strings; sourceTree = "<group>"; };
		9C58E73B187ADAAD003FF2A2 /* multipleMasterDetailTests.m */ = {isa = PBXFileReference; lastKnownFileType = sourcecode.c.objc; path = multipleMasterDetailTests.m; sourceTree = "<group>"; };
		9CC3C043188097CE004E884E /* 96-book.png */ = {isa = PBXFileReference; lastKnownFileType = image.png; path = "96-book.png"; sourceTree = "<group>"; };
		9CC3C044188097CE004E884E /* 117-todo.png */ = {isa = PBXFileReference; lastKnownFileType = image.png; path = "117-todo.png"; sourceTree = "<group>"; };
		9CC3C045188097CE004E884E /* 48-fork-and-knife.png */ = {isa = PBXFileReference; lastKnownFileType = image.png; path = "48-fork-and-knife.png"; sourceTree = "<group>"; };
		9CEBB949187ADD3400840C54 /* masterTableViewController.h */ = {isa = PBXFileReference; fileEncoding = 4; lastKnownFileType = sourcecode.c.h; path = masterTableViewController.h; sourceTree = "<group>"; };
		9CEBB94A187ADD3400840C54 /* masterTableViewController.m */ = {isa = PBXFileReference; fileEncoding = 4; lastKnownFileType = sourcecode.c.objc; path = masterTableViewController.m; sourceTree = "<group>"; };
		9CEBB94C187ADF6000840C54 /* subMasterTableViewController.h */ = {isa = PBXFileReference; fileEncoding = 4; lastKnownFileType = sourcecode.c.h; path = subMasterTableViewController.h; sourceTree = "<group>"; };
		9CEBB94D187ADF6000840C54 /* subMasterTableViewController.m */ = {isa = PBXFileReference; fileEncoding = 4; lastKnownFileType = sourcecode.c.objc; path = subMasterTableViewController.m; sourceTree = "<group>"; };
/* End PBXFileReference section */

/* Begin PBXFrameworksBuildPhase section */
		9C58E707187ADAAD003FF2A2 /* Frameworks */ = {
			isa = PBXFrameworksBuildPhase;
			buildActionMask = 2147483647;
			files = (
				9C58E710187ADAAD003FF2A2 /* CoreGraphics.framework in Frameworks */,
				9C58E712187ADAAD003FF2A2 /* UIKit.framework in Frameworks */,
				9C58E70E187ADAAD003FF2A2 /* Foundation.framework in Frameworks */,
			);
			runOnlyForDeploymentPostprocessing = 0;
		};
		9C58E72B187ADAAD003FF2A2 /* Frameworks */ = {
			isa = PBXFrameworksBuildPhase;
			buildActionMask = 2147483647;
			files = (
				9C58E730187ADAAD003FF2A2 /* XCTest.framework in Frameworks */,
				9C58E732187ADAAD003FF2A2 /* UIKit.framework in Frameworks */,
				9C58E731187ADAAD003FF2A2 /* Foundation.framework in Frameworks */,
			);
			runOnlyForDeploymentPostprocessing = 0;
		};
/* End PBXFrameworksBuildPhase section */

/* Begin PBXGroup section */
		9C422E9A18803B7100E75649 /* PNG icons */ = {
			isa = PBXGroup;
			children = (
				9CC3C043188097CE004E884E /* 96-book.png */,
				9CC3C044188097CE004E884E /* 117-todo.png */,
				9CC3C045188097CE004E884E /* 48-fork-and-knife.png */,
				9C422EA518803B7100E75649 /* 100-coffee.png */,
				9C422EA618803B7100E75649 /* 101-gameplan.png */,
				9C422EA718803B7100E75649 /* 102-walk.png */,
				9C422EA818803B7100E75649 /* 103-map.png */,
				9C422EA918803B7100E75649 /* 104-index-cards.png */,
				9C422EAA18803B7100E75649 /* 105-piano.png */,
				9C422EAB18803B7100E75649 /* 106-sliders.png */,
				9C422EAC18803B7100E75649 /* 107-widescreen.png */,
				9C422EAD18803B7100E75649 /* 108-badge.png */,
				9C422EAE18803B7100E75649 /* 109-chicken.png */,
				9C422EB018803B7100E75649 /* 110-bug.png */,
				9C422EB118803B7100E75649 /* 111-user.png */,
				9C422EB218803B7100E75649 /* 112-group.png */,
				9C422EB318803B7100E75649 /* 113-navigation.png */,
				9C422EB418803B7100E75649 /* 114-balloon.png */,
				9C422EB518803B7100E75649 /* 115-bow-and-arrow.png */,
			);
			name = "PNG icons";
			path = "glyphish-icons/PNG icons";
			sourceTree = "<group>";
		};
		9C58E701187ADAAD003FF2A2 = {
			isa = PBXGroup;
			children = (
				9C58E713187ADAAD003FF2A2 /* multipleMasterDetail */,
				9C58E735187ADAAD003FF2A2 /* multipleMasterDetailTests */,
				9C58E70C187ADAAD003FF2A2 /* Frameworks */,
				9C58E70B187ADAAD003FF2A2 /* Products */,
			);
			sourceTree = "<group>";
		};
		9C58E70B187ADAAD003FF2A2 /* Products */ = {
			isa = PBXGroup;
			children = (
				9C58E70A187ADAAD003FF2A2 /* multipleMasterDetail.app */,
				9C58E72E187ADAAD003FF2A2 /* multipleMasterDetailTests.xctest */,
			);
			name = Products;
			sourceTree = "<group>";
		};
		9C58E70C187ADAAD003FF2A2 /* Frameworks */ = {
			isa = PBXGroup;
			children = (
				9C58E70D187ADAAD003FF2A2 /* Foundation.framework */,
				9C58E70F187ADAAD003FF2A2 /* CoreGraphics.framework */,
				9C58E711187ADAAD003FF2A2 /* UIKit.framework */,
				9C58E72F187ADAAD003FF2A2 /* XCTest.framework */,
			);
			name = Frameworks;
			sourceTree = "<group>";
		};
		9C58E713187ADAAD003FF2A2 /* multipleMasterDetail */ = {
			isa = PBXGroup;
			children = (
				9C58E71C187ADAAD003FF2A2 /* AppDelegate.h */,
				9C58E71D187ADAAD003FF2A2 /* AppDelegate.m */,
				9C58E71F187ADAAD003FF2A2 /* Main_iPhone.storyboard */,
				9C58E722187ADAAD003FF2A2 /* Main_iPad.storyboard */,
				9CEBB949187ADD3400840C54 /* masterTableViewController.h */,
				9CEBB94A187ADD3400840C54 /* masterTableViewController.m */,
				9CEBB94C187ADF6000840C54 /* subMasterTableViewController.h */,
				9CEBB94D187ADF6000840C54 /* subMasterTableViewController.m */,
				9C58E725187ADAAD003FF2A2 /* ViewController.h */,
				9C58E726187ADAAD003FF2A2 /* ViewController.m */,
				9C19DA5718816D1100A9805D /* scrollViewController.h */,
				9C19DA5818816D1100A9805D /* scrollViewController.m */,
				9C58E728187ADAAD003FF2A2 /* Images.xcassets */,
				9C58E714187ADAAD003FF2A2 /* Supporting Files */,
			);
			path = multipleMasterDetail;
			sourceTree = "<group>";
		};
		9C58E714187ADAAD003FF2A2 /* Supporting Files */ = {
			isa = PBXGroup;
			children = (
				9C422E9A18803B7100E75649 /* PNG icons */,
				9C58E715187ADAAD003FF2A2 /* multipleMasterDetail-Info.plist */,
				9C58E716187ADAAD003FF2A2 /* InfoPlist.strings */,
				9C58E719187ADAAD003FF2A2 /* main.m */,
				9C58E71B187ADAAD003FF2A2 /* multipleMasterDetail-Prefix.pch */,
			);
			name = "Supporting Files";
			sourceTree = "<group>";
		};
		9C58E735187ADAAD003FF2A2 /* multipleMasterDetailTests */ = {
			isa = PBXGroup;
			children = (
				9C58E73B187ADAAD003FF2A2 /* multipleMasterDetailTests.m */,
				9C58E736187ADAAD003FF2A2 /* Supporting Files */,
			);
			path = multipleMasterDetailTests;
			sourceTree = "<group>";
		};
		9C58E736187ADAAD003FF2A2 /* Supporting Files */ = {
			isa = PBXGroup;
			children = (
				9C58E737187ADAAD003FF2A2 /* multipleMasterDetailTests-Info.plist */,
				9C58E738187ADAAD003FF2A2 /* InfoPlist.strings */,
			);
			name = "Supporting Files";
			sourceTree = "<group>";
		};
/* End PBXGroup section */

/* Begin PBXNativeTarget section */
		9C58E709187ADAAD003FF2A2 /* multipleMasterDetail */ = {
			isa = PBXNativeTarget;
			buildConfigurationList = 9C58E73F187ADAAD003FF2A2 /* Build configuration list for PBXNativeTarget "multipleMasterDetail" */;
			buildPhases = (
				9C58E706187ADAAD003FF2A2 /* Sources */,
				9C58E707187ADAAD003FF2A2 /* Frameworks */,
				9C58E708187ADAAD003FF2A2 /* Resources */,
			);
			buildRules = (
			);
			dependencies = (
			);
			name = multipleMasterDetail;
			productName = multipleMasterDetail;
			productReference = 9C58E70A187ADAAD003FF2A2 /* multipleMasterDetail.app */;
			productType = "com.apple.product-type.application";
		};
		9C58E72D187ADAAD003FF2A2 /* multipleMasterDetailTests */ = {
			isa = PBXNativeTarget;
			buildConfigurationList = 9C58E742187ADAAD003FF2A2 /* Build configuration list for PBXNativeTarget "multipleMasterDetailTests" */;
			buildPhases = (
				9C58E72A187ADAAD003FF2A2 /* Sources */,
				9C58E72B187ADAAD003FF2A2 /* Frameworks */,
				9C58E72C187ADAAD003FF2A2 /* Resources */,
			);
			buildRules = (
			);
			dependencies = (
				9C58E734187ADAAD003FF2A2 /* PBXTargetDependency */,
			);
			name = multipleMasterDetailTests;
			productName = multipleMasterDetailTests;
			productReference = 9C58E72E187ADAAD003FF2A2 /* multipleMasterDetailTests.xctest */;
			productType = "com.apple.product-type.bundle.unit-test";
		};
/* End PBXNativeTarget section */

/* Begin PBXProject section */
		9C58E702187ADAAD003FF2A2 /* Project object */ = {
			isa = PBXProject;
			attributes = {
				LastUpgradeCheck = 0500;
				ORGANIZATIONNAME = "Marcelo Sampaio";
				TargetAttributes = {
					9C58E72D187ADAAD003FF2A2 = {
						TestTargetID = 9C58E709187ADAAD003FF2A2;
					};
				};
			};
			buildConfigurationList = 9C58E705187ADAAD003FF2A2 /* Build configuration list for PBXProject "multipleMasterDetail" */;
			compatibilityVersion = "Xcode 3.2";
			developmentRegion = English;
			hasScannedForEncodings = 0;
			knownRegions = (
				en,
				Base,
			);
			mainGroup = 9C58E701187ADAAD003FF2A2;
			productRefGroup = 9C58E70B187ADAAD003FF2A2 /* Products */;
			projectDirPath = "";
			projectRoot = "";
			targets = (
				9C58E709187ADAAD003FF2A2 /* multipleMasterDetail */,
				9C58E72D187ADAAD003FF2A2 /* multipleMasterDetailTests */,
			);
		};
/* End PBXProject section */

/* Begin PBXResourcesBuildPhase section */
		9C58E708187ADAAD003FF2A2 /* Resources */ = {
			isa = PBXResourcesBuildPhase;
			buildActionMask = 2147483647;
			files = (
				9C422F7518803B7100E75649 /* 105-piano.png in Resources */,
				9C58E724187ADAAD003FF2A2 /* Main_iPad.storyboard in Resources */,
				9C422F7318803B7100E75649 /* 103-map.png in Resources */,
				9C58E729187ADAAD003FF2A2 /* Images.xcassets in Resources */,
				9C422F7618803B7100E75649 /* 106-sliders.png in Resources */,
				9CC3C047188097CE004E884E /* 117-todo.png in Resources */,
				9C422F7D18803B7100E75649 /* 112-group.png in Resources */,
				9C422F7C18803B7100E75649 /* 111-user.png in Resources */,
				9C422F8018803B7100E75649 /* 115-bow-and-arrow.png in Resources */,
				9C422F7918803B7100E75649 /* 109-chicken.png in Resources */,
				9C422F7F18803B7100E75649 /* 114-balloon.png in Resources */,
				9C422F7718803B7100E75649 /* 107-widescreen.png in Resources */,
				9CC3C048188097CE004E884E /* 48-fork-and-knife.png in Resources */,
				9C422F7018803B7100E75649 /* 100-coffee.png in Resources */,
				9C422F7118803B7100E75649 /* 101-gameplan.png in Resources */,
				9C422F7B18803B7100E75649 /* 110-bug.png in Resources */,
				9C422F7218803B7100E75649 /* 102-walk.png in Resources */,
				9CC3C046188097CE004E884E /* 96-book.png in Resources */,
				9C422F7E18803B7100E75649 /* 113-navigation.png in Resources */,
				9C422F7818803B7100E75649 /* 108-badge.png in Resources */,
				9C58E721187ADAAD003FF2A2 /* Main_iPhone.storyboard in Resources */,
				9C422F7418803B7100E75649 /* 104-index-cards.png in Resources */,
				9C58E718187ADAAD003FF2A2 /* InfoPlist.strings in Resources */,
			);
			runOnlyForDeploymentPostprocessing = 0;
		};
		9C58E72C187ADAAD003FF2A2 /* Resources */ = {
			isa = PBXResourcesBuildPhase;
			buildActionMask = 2147483647;
			files = (
				9C58E73A187ADAAD003FF2A2 /* InfoPlist.strings in Resources */,
			);
			runOnlyForDeploymentPostprocessing = 0;
		};
/* End PBXResourcesBuildPhase section */

/* Begin PBXSourcesBuildPhase section */
		9C58E706187ADAAD003FF2A2 /* Sources */ = {
			isa = PBXSourcesBuildPhase;
			buildActionMask = 2147483647;
			files = (
				9C58E727187ADAAD003FF2A2 /* ViewController.m in Sources */,
				9C19DA5918816D1100A9805D /* scrollViewController.m in Sources */,
				9CEBB94E187ADF6000840C54 /* subMasterTableViewController.m in Sources */,
				9CEBB94B187ADD3400840C54 /* masterTableViewController.m in Sources */,
				9C58E71E187ADAAD003FF2A2 /* AppDelegate.m in Sources */,
				9C58E71A187ADAAD003FF2A2 /* main.m in Sources */,
			);
			runOnlyForDeploymentPostprocessing = 0;
		};
		9C58E72A187ADAAD003FF2A2 /* Sources */ = {
			isa = PBXSourcesBuildPhase;
			buildActionMask = 2147483647;
			files = (
				9C58E73C187ADAAD003FF2A2 /* multipleMasterDetailTests.m in Sources */,
			);
			runOnlyForDeploymentPostprocessing = 0;
		};
/* End PBXSourcesBuildPhase section */

/* Begin PBXTargetDependency section */
		9C58E734187ADAAD003FF2A2 /* PBXTargetDependency */ = {
			isa = PBXTargetDependency;
			target = 9C58E709187ADAAD003FF2A2 /* multipleMasterDetail */;
			targetProxy = 9C58E733187ADAAD003FF2A2 /* PBXContainerItemProxy */;
		};
/* End PBXTargetDependency section */

/* Begin PBXVariantGroup section */
		9C58E716187ADAAD003FF2A2 /* InfoPlist.strings */ = {
			isa = PBXVariantGroup;
			children = (
				9C58E717187ADAAD003FF2A2 /* en */,
			);
			name = InfoPlist.strings;
			sourceTree = "<group>";
		};
		9C58E71F187ADAAD003FF2A2 /* Main_iPhone.storyboard */ = {
			isa = PBXVariantGroup;
			children = (
				9C58E720187ADAAD003FF2A2 /* Base */,
			);
			name = Main_iPhone.storyboard;
			sourceTree = "<group>";
		};
		9C58E722187ADAAD003FF2A2 /* Main_iPad.storyboard */ = {
			isa = PBXVariantGroup;
			children = (
				9C58E723187ADAAD003FF2A2 /* Base */,
			);
			name = Main_iPad.storyboard;
			sourceTree = "<group>";
		};
		9C58E738187ADAAD003FF2A2 /* InfoPlist.strings */ = {
			isa = PBXVariantGroup;
			children = (
				9C58E739187ADAAD003FF2A2 /* en */,
			);
			name = InfoPlist.strings;
			sourceTree = "<group>";
		};
/* End PBXVariantGroup section */

/* Begin XCBuildConfiguration section */
		9C58E73D187ADAAD003FF2A2 /* Debug */ = {
			isa = XCBuildConfiguration;
			buildSettings = {
				ALWAYS_SEARCH_USER_PATHS = NO;
				ARCHS = "$(ARCHS_STANDARD_INCLUDING_64_BIT)";
				CLANG_CXX_LANGUAGE_STANDARD = "gnu++0x";
				CLANG_CXX_LIBRARY = "libc++";
				CLANG_ENABLE_MODULES = YES;
				CLANG_ENABLE_OBJC_ARC = YES;
				CLANG_WARN_BOOL_CONVERSION = YES;
				CLANG_WARN_CONSTANT_CONVERSION = YES;
				CLANG_WARN_DIRECT_OBJC_ISA_USAGE = YES_ERROR;
				CLANG_WARN_EMPTY_BODY = YES;
				CLANG_WARN_ENUM_CONVERSION = YES;
				CLANG_WARN_INT_CONVERSION = YES;
				CLANG_WARN_OBJC_ROOT_CLASS = YES_ERROR;
				CLANG_WARN__DUPLICATE_METHOD_MATCH = YES;
				"CODE_SIGN_IDENTITY[sdk=iphoneos*]" = "iPhone Developer";
				COPY_PHASE_STRIP = NO;
				GCC_C_LANGUAGE_STANDARD = gnu99;
				GCC_DYNAMIC_NO_PIC = NO;
				GCC_OPTIMIZATION_LEVEL = 0;
				GCC_PREPROCESSOR_DEFINITIONS = (
					"DEBUG=1",
					"$(inherited)",
				);
				GCC_SYMBOLS_PRIVATE_EXTERN = NO;
				GCC_WARN_64_TO_32_BIT_CONVERSION = YES;
				GCC_WARN_ABOUT_RETURN_TYPE = YES_ERROR;
				GCC_WARN_UNDECLARED_SELECTOR = YES;
				GCC_WARN_UNINITIALIZED_AUTOS = YES;
				GCC_WARN_UNUSED_FUNCTION = YES;
				GCC_WARN_UNUSED_VARIABLE = YES;
				IPHONEOS_DEPLOYMENT_TARGET = 7.0;
				ONLY_ACTIVE_ARCH = YES;
				SDKROOT = iphoneos;
				TARGETED_DEVICE_FAMILY = "1,2";
			};
			name = Debug;
		};
		9C58E73E187ADAAD003FF2A2 /* Release */ = {
			isa = XCBuildConfiguration;
			buildSettings = {
				ALWAYS_SEARCH_USER_PATHS = NO;
				ARCHS = "$(ARCHS_STANDARD_INCLUDING_64_BIT)";
				CLANG_CXX_LANGUAGE_STANDARD = "gnu++0x";
				CLANG_CXX_LIBRARY = "libc++";
				CLANG_ENABLE_MODULES = YES;
				CLANG_ENABLE_OBJC_ARC = YES;
				CLANG_WARN_BOOL_CONVERSION = YES;
				CLANG_WARN_CONSTANT_CONVERSION = YES;
				CLANG_WARN_DIRECT_OBJC_ISA_USAGE = YES_ERROR;
				CLANG_WARN_EMPTY_BODY = YES;
				CLANG_WARN_ENUM_CONVERSION = YES;
				CLANG_WARN_INT_CONVERSION = YES;
				CLANG_WARN_OBJC_ROOT_CLASS = YES_ERROR;
				CLANG_WARN__DUPLICATE_METHOD_MATCH = YES;
				"CODE_SIGN_IDENTITY[sdk=iphoneos*]" = "iPhone Developer";
				COPY_PHASE_STRIP = YES;
				ENABLE_NS_ASSERTIONS = NO;
				GCC_C_LANGUAGE_STANDARD = gnu99;
				GCC_WARN_64_TO_32_BIT_CONVERSION = YES;
				GCC_WARN_ABOUT_RETURN_TYPE = YES_ERROR;
				GCC_WARN_UNDECLARED_SELECTOR = YES;
				GCC_WARN_UNINITIALIZED_AUTOS = YES;
				GCC_WARN_UNUSED_FUNCTION = YES;
				GCC_WARN_UNUSED_VARIABLE = YES;
				IPHONEOS_DEPLOYMENT_TARGET = 7.0;
				SDKROOT = iphoneos;
				TARGETED_DEVICE_FAMILY = "1,2";
				VALIDATE_PRODUCT = YES;
			};
			name = Release;
		};
		9C58E740187ADAAD003FF2A2 /* Debug */ = {
			isa = XCBuildConfiguration;
			buildSettings = {
				ASSETCATALOG_COMPILER_APPICON_NAME = AppIcon;
				ASSETCATALOG_COMPILER_LAUNCHIMAGE_NAME = LaunchImage;
				GCC_PRECOMPILE_PREFIX_HEADER = YES;
				GCC_PREFIX_HEADER = "multipleMasterDetail/multipleMasterDetail-Prefix.pch";
				INFOPLIST_FILE = "multipleMasterDetail/multipleMasterDetail-Info.plist";
				IPHONEOS_DEPLOYMENT_TARGET = 6.1;
				PRODUCT_NAME = "$(TARGET_NAME)";
				WRAPPER_EXTENSION = app;
			};
			name = Debug;
		};
		9C58E741187ADAAD003FF2A2 /* Release */ = {
			isa = XCBuildConfiguration;
			buildSettings = {
				ASSETCATALOG_COMPILER_APPICON_NAME = AppIcon;
				ASSETCATALOG_COMPILER_LAUNCHIMAGE_NAME = LaunchImage;
				GCC_PRECOMPILE_PREFIX_HEADER = YES;
				GCC_PREFIX_HEADER = "multipleMasterDetail/multipleMasterDetail-Prefix.pch";
				INFOPLIST_FILE = "multipleMasterDetail/multipleMasterDetail-Info.plist";
				IPHONEOS_DEPLOYMENT_TARGET = 6.1;
				PRODUCT_NAME = "$(TARGET_NAME)";
				WRAPPER_EXTENSION = app;
			};
			name = Release;
		};
		9C58E743187ADAAD003FF2A2 /* Debug */ = {
			isa = XCBuildConfiguration;
			buildSettings = {
				ARCHS = "$(ARCHS_STANDARD_INCLUDING_64_BIT)";
				BUNDLE_LOADER = "$(BUILT_PRODUCTS_DIR)/multipleMasterDetail.app/multipleMasterDetail";
				FRAMEWORK_SEARCH_PATHS = (
					"$(SDKROOT)/Developer/Library/Frameworks",
					"$(inherited)",
					"$(DEVELOPER_FRAMEWORKS_DIR)",
				);
				GCC_PRECOMPILE_PREFIX_HEADER = YES;
				GCC_PREFIX_HEADER = "multipleMasterDetail/multipleMasterDetail-Prefix.pch";
				GCC_PREPROCESSOR_DEFINITIONS = (
					"DEBUG=1",
					"$(inherited)",
				);
				INFOPLIST_FILE = "multipleMasterDetailTests/multipleMasterDetailTests-Info.plist";
				PRODUCT_NAME = "$(TARGET_NAME)";
				TEST_HOST = "$(BUNDLE_LOADER)";
				WRAPPER_EXTENSION = xctest;
			};
			name = Debug;
		};
		9C58E744187ADAAD003FF2A2 /* Release */ = {
			isa = XCBuildConfiguration;
			buildSettings = {
				ARCHS = "$(ARCHS_STANDARD_INCLUDING_64_BIT)";
				BUNDLE_LOADER = "$(BUILT_PRODUCTS_DIR)/multipleMasterDetail.app/multipleMasterDetail";
				FRAMEWORK_SEARCH_PATHS = (
					"$(SDKROOT)/Developer/Library/Frameworks",
					"$(inherited)",
					"$(DEVELOPER_FRAMEWORKS_DIR)",
				);
				GCC_PRECOMPILE_PREFIX_HEADER = YES;
				GCC_PREFIX_HEADER = "multipleMasterDetail/multipleMasterDetail-Prefix.pch";
				INFOPLIST_FILE = "multipleMasterDetailTests/multipleMasterDetailTests-Info.plist";
				PRODUCT_NAME = "$(TARGET_NAME)";
				TEST_HOST = "$(BUNDLE_LOADER)";
				WRAPPER_EXTENSION = xctest;
			};
			name = Release;
		};
/* End XCBuildConfiguration section */

/* Begin XCConfigurationList section */
		9C58E705187ADAAD003FF2A2 /* Build configuration list for PBXProject "multipleMasterDetail" */ = {
			isa = XCConfigurationList;
			buildConfigurations = (
				9C58E73D187ADAAD003FF2A2 /* Debug */,
				9C58E73E187ADAAD003FF2A2 /* Release */,
			);
			defaultConfigurationIsVisible = 0;
			defaultConfigurationName = Release;
		};
		9C58E73F187ADAAD003FF2A2 /* Build configuration list for PBXNativeTarget "multipleMasterDetail" */ = {
			isa = XCConfigurationList;
			buildConfigurations = (
				9C58E740187ADAAD003FF2A2 /* Debug */,
				9C58E741187ADAAD003FF2A2 /* Release */,
			);
			defaultConfigurationIsVisible = 0;
			defaultConfigurationName = Release;
		};
		9C58E742187ADAAD003FF2A2 /* Build configuration list for PBXNativeTarget "multipleMasterDetailTests" */ = {
			isa = XCConfigurationList;
			buildConfigurations = (
				9C58E743187ADAAD003FF2A2 /* Debug */,
				9C58E744187ADAAD003FF2A2 /* Release */,
			);
			defaultConfigurationIsVisible = 0;
			defaultConfigurationName = Release;
		};
/* End XCConfigurationList section */
	};
	rootObject = 9C58E702187ADAAD003FF2A2 /* Project object */;
}
